<?xml version="1.0" encoding="utf-8"?>
<Project ToolsVersion="4.0" xmlns="http://schemas.microsoft.com/developer/msbuild/2003">
  <ItemGroup>
    <Filter Include="Исходные файлы">
      <UniqueIdentifier>{4FC737F1-C7A5-4376-A066-2A32D752A2FF}</UniqueIdentifier>
      <Extensions>cpp;c;cc;cxx;def;odl;idl;hpj;bat;asm;asmx</Extensions>
    </Filter>
    <Filter Include="Файлы заголовков">
      <UniqueIdentifier>{93995380-89BD-4b04-88EB-625FBE52EBFB}</UniqueIdentifier>
      <Extensions>h;hh;hpp;hxx;hm;inl;inc;ipp;xsd</Extensions>
    </Filter>
    <Filter Include="Файлы ресурсов">
      <UniqueIdentifier>{67DA6AB6-F800-4c08-8B7A-83BB121AAD01}</UniqueIdentifier>
      <Extensions>rc;ico;cur;bmp;dlg;rc2;rct;bin;rgs;gif;jpg;jpeg;jpe;resx;tiff;tif;png;wav;mfcribbon-ms</Extensions>
    </Filter>
  </ItemGroup>
  <ItemGroup>
    <ClInclude Include="cs.h">
      <Filter>Файлы заголовков</Filter>
    </ClInclude>
  </ItemGroup>
  <ItemGroup>
    <ClCompile Include="cs_amd.c">
      <Filter>Исходные файлы</Filter>
    </ClCompile>
    <ClCompile Include="cs_chol.c">
      <Filter>Исходные файлы</Filter>
    </ClCompile>
    <ClCompile Include="cs_cholsol.c">
      <Filter>Исходные файлы</Filter>
    </ClCompile>
    <ClCompile Include="cs_compress.c">
      <Filter>Исходные файлы</Filter>
    </ClCompile>
    <ClCompile Include="cs_counts.c">
      <Filter>Исходные файлы</Filter>
    </ClCompile>
    <ClCompile Include="cs_cumsum.c">
      <Filter>Исходные файлы</Filter>
    </ClCompile>
    <ClCompile Include="cs_dfs.c">
      <Filter>Исходные файлы</Filter>
    </ClCompile>
    <ClCompile Include="cs_dmperm.c">
      <Filter>Исходные файлы</Filter>
    </ClCompile>
    <ClCompile Include="cs_droptol.c">
      <Filter>Исходные файлы</Filter>
    </ClCompile>
    <ClCompile Include="cs_dropzeros.c">
      <Filter>Исходные файлы</Filter>
    </ClCompile>
    <ClCompile Include="cs_dupl.c">
      <Filter>Исходные файлы</Filter>
    </ClCompile>
    <ClCompile Include="cs_entry.c">
      <Filter>Исходные файлы</Filter>
    </ClCompile>
    <ClCompile Include="cs_ereach.c">
      <Filter>Исходные файлы</Filter>
    </ClCompile>
    <ClCompile Include="cs_etree.c">
      <Filter>Исходные файлы</Filter>
    </ClCompile>
    <ClCompile Include="cs_fkeep.c">
      <Filter>Исходные файлы</Filter>
    </ClCompile>
    <ClCompile Include="cs_gaxpy.c">
      <Filter>Исходные файлы</Filter>
    </ClCompile>
    <ClCompile Include="cs_happly.c">
      <Filter>Исходные файлы</Filter>
    </ClCompile>
    <ClCompile Include="cs_house.c">
      <Filter>Исходные файлы</Filter>
    </ClCompile>
    <ClCompile Include="cs_ipvec.c">
      <Filter>Исходные файлы</Filter>
    </ClCompile>
    <ClCompile Include="cs_leaf.c">
      <Filter>Исходные файлы</Filter>
    </ClCompile>
    <ClCompile Include="cs_load.c">
      <Filter>Исходные файлы</Filter>
    </ClCompile>
    <ClCompile Include="cs_lsolve.c">
      <Filter>Исходные файлы</Filter>
    </ClCompile>
    <ClCompile Include="cs_ltsolve.c">
      <Filter>Исходные файлы</Filter>
    </ClCompile>
    <ClCompile Include="cs_lu.c">
      <Filter>Исходные файлы</Filter>
    </ClCompile>
    <ClCompile Include="cs_lusol.c">
      <Filter>Исходные файлы</Filter>
    </ClCompile>
    <ClCompile Include="cs_maxtrans.c">
      <Filter>Исходные файлы</Filter>
    </ClCompile>
    <ClCompile Include="cs_multiply.c">
      <Filter>Исходные файлы</Filter>
    </ClCompile>
    <ClCompile Include="cs_norm.c">
      <Filter>Исходные файлы</Filter>
    </ClCompile>
    <ClCompile Include="cs_permute.c">
      <Filter>Исходные файлы</Filter>
    </ClCompile>
    <ClCompile Include="cs_pinv.c">
      <Filter>Исходные файлы</Filter>
    </ClCompile>
    <ClCompile Include="cs_post.c">
      <Filter>Исходные файлы</Filter>
    </ClCompile>
    <ClCompile Include="cs_print.c">
      <Filter>Исходные файлы</Filter>
    </ClCompile>
    <ClCompile Include="cs_pvec.c">
      <Filter>Исходные файлы</Filter>
    </ClCompile>
    <ClCompile Include="cs_qr.c">
      <Filter>Исходные файлы</Filter>
    </ClCompile>
    <ClCompile Include="cs_qrsol.c">
      <Filter>Исходные файлы</Filter>
    </ClCompile>
    <ClCompile Include="cs_randperm.c">
      <Filter>Исходные файлы</Filter>
    </ClCompile>
    <ClCompile Include="cs_reach.c">
      <Filter>Исходные файлы</Filter>
    </ClCompile>
    <ClCompile Include="cs_scatter.c">
      <Filter>Исходные файлы</Filter>
    </ClCompile>
    <ClCompile Include="cs_scc.c">
      <Filter>Исходные файлы</Filter>
    </ClCompile>
    <ClCompile Include="cs_schol.c">
      <Filter>Исходные файлы</Filter>
    </ClCompile>
    <ClCompile Include="cs_spsolve.c">
      <Filter>Исходные файлы</Filter>
    </ClCompile>
    <ClCompile Include="cs_sqr.c">
      <Filter>Исходные файлы</Filter>
    </ClCompile>
    <ClCompile Include="cs_symperm.c">
      <Filter>Исходные файлы</Filter>
    </ClCompile>
    <ClCompile Include="cs_tdfs.c">
      <Filter>Исходные файлы</Filter>
    </ClCompile>
    <ClCompile Include="cs_transpose.c">
      <Filter>Исходные файлы</Filter>
    </ClCompile>
    <ClCompile Include="cs_updown.c">
      <Filter>Исходные файлы</Filter>
    </ClCompile>
    <ClCompile Include="cs_usolve.c">
      <Filter>Исходные файлы</Filter>
    </ClCompile>
    <ClCompile Include="cs_util.c">
      <Filter>Исходные файлы</Filter>
    </ClCompile>
    <ClCompile Include="cs_utsolve.c">
      <Filter>Исходные файлы</Filter>
    </ClCompile>
    <ClCompile Include="cs_add.c">
      <Filter>Исходные файлы</Filter>
    </ClCompile>
    <ClCompile Include="cs_malloc.c">
      <Filter>Исходные файлы</Filter>
    </ClCompile>
  </ItemGroup>
</Project>